
Microsoft Visual Studio Solution File, Format Version 12.00
# Visual Studio Version 16
VisualStudioVersion = 16.0.31605.320
MinimumVisualStudioVersion = 10.0.40219.1
Project("{FAE04EC0-301F-11D3-BF4B-00C04F79EFBC}") = "pSitioWEB_AlquilerV", "pSitioWEB_AlquilerV.csproj", "{B8C2C9E0-CCA0-48D3-8650-F2B22589552F}"
EndProject
Global
	GlobalSection(SolutionConfigurationPlatforms) = preSolution
		Debug|Any CPU = Debug|Any CPU
		Release|Any CPU = Release|Any CPU
	EndGlobalSection
	GlobalSection(ProjectConfigurationPlatforms) = postSolution
		{B8C2C9E0-CCA0-48D3-8650-F2B22589552F}.Debug|Any CPU.ActiveCfg = Debug|Any CPU
		{B8C2C9E0-CCA0-48D3-8650-F2B22589552F}.Debug|Any CPU.Build.0 = Debug|Any CPU
		{B8C2C9E0-CCA0-48D3-8650-F2B22589552F}.Release|Any CPU.ActiveCfg = Release|Any CPU
		{B8C2C9E0-CCA0-48D3-8650-F2B22589552F}.Release|Any CPU.Build.0 = Release|Any CPU
	EndGlobalSection
	GlobalSection(SolutionProperties) = preSolution
		HideSolutionNode = FALSE
	EndGlobalSection
	GlobalSection(ExtensibilityGlobals) = postSolution
		SolutionGuid = {507E439C-E6E0-4207-8B1E-F6E8A7A795C5}
	EndGlobalSection
EndGlobal
